
Microsoft Visual Studio Solution File, Format Version 12.00
# Visual Studio Version 16
VisualStudioVersion = 16.0.31702.278
MinimumVisualStudioVersion = 10.0.40219.1
Project("{FAE04EC0-301F-11D3-BF4B-00C04F79EFBC}") = "Ex9Backend", "Ex9Backend.csproj", "{0E1E000A-CEFB-49DE-BA51-33427E758089}"
EndProject
Global
	GlobalSection(SolutionConfigurationPlatforms) = preSolution
		Debug|Any CPU = Debug|Any CPU
		Release|Any CPU = Release|Any CPU
	EndGlobalSection
	GlobalSection(ProjectConfigurationPlatforms) = postSolution
		{0E1E000A-CEFB-49DE-BA51-33427E758089}.Debug|Any CPU.ActiveCfg = Debug|Any CPU
		{0E1E000A-CEFB-49DE-BA51-33427E758089}.Debug|Any CPU.Build.0 = Debug|Any CPU
		{0E1E000A-CEFB-49DE-BA51-33427E758089}.Release|Any CPU.ActiveCfg = Release|Any CPU
		{0E1E000A-CEFB-49DE-BA51-33427E758089}.Release|Any CPU.Build.0 = Release|Any CPU
	EndGlobalSection
	GlobalSection(SolutionProperties) = preSolution
		HideSolutionNode = FALSE
	EndGlobalSection
	GlobalSection(ExtensibilityGlobals) = postSolution
		SolutionGuid = {823413C8-F86D-4DC7-A40F-51DE27793889}
	EndGlobalSection
EndGlobal
